{
  "name": "MyEdu-full",
  "lockfileVersion": 3,
  "requires": true,
  "packages": {
    "": {
      "dependencies": {
        "@fontsource/roboto": "^5.0.12"
      }
    },
    "node_modules/@fontsource/roboto": {
      "version": "5.0.12",
      "resolved": "https://registry.npmjs.org/@fontsource/roboto/-/roboto-5.0.12.tgz",
      "integrity": "sha512-x0o17jvgoSSbS9OZnUX2+xJmVRvVCfeaYJjkS7w62iN7CuJWtMf5vJj8LqgC7ibqIkitOHVW+XssRjgrcHn62g=="
    }
  }
}
